
Microsoft Visual Studio Solution File, Format Version 12.00
# Visual Studio 2013
VisualStudioVersion = 12.0.40629.0
MinimumVisualStudioVersion = 10.0.40219.1
Project("{FAE04EC0-301F-11D3-BF4B-00C04F79EFBC}") = "Library.TestApp", "Console\Library.TestApp.csproj", "{17F83A18-E9EA-4385-A19B-C9A53148921D}"
EndProject
Project("{FAE04EC0-301F-11D3-BF4B-00C04F79EFBC}") = "Library.Domain", "Domain\Library.Domain.csproj", "{2C48C699-1B60-43B8-A79E-B48643595FE7}"
EndProject
Project("{FAE04EC0-301F-11D3-BF4B-00C04F79EFBC}") = "Library.Web", "Library.Web\Library.Web.csproj", "{CA0E8171-2AE0-4FDB-BF22-BA3D2B236AD6}"
EndProject
Global
	GlobalSection(SolutionConfigurationPlatforms) = preSolution
		Debug|Any CPU = Debug|Any CPU
		Release|Any CPU = Release|Any CPU
	EndGlobalSection
	GlobalSection(ProjectConfigurationPlatforms) = postSolution
		{17F83A18-E9EA-4385-A19B-C9A53148921D}.Debug|Any CPU.ActiveCfg = Debug|Any CPU
		{17F83A18-E9EA-4385-A19B-C9A53148921D}.Debug|Any CPU.Build.0 = Debug|Any CPU
		{17F83A18-E9EA-4385-A19B-C9A53148921D}.Release|Any CPU.ActiveCfg = Release|Any CPU
		{17F83A18-E9EA-4385-A19B-C9A53148921D}.Release|Any CPU.Build.0 = Release|Any CPU
		{2C48C699-1B60-43B8-A79E-B48643595FE7}.Debug|Any CPU.ActiveCfg = Debug|Any CPU
		{2C48C699-1B60-43B8-A79E-B48643595FE7}.Debug|Any CPU.Build.0 = Debug|Any CPU
		{2C48C699-1B60-43B8-A79E-B48643595FE7}.Release|Any CPU.ActiveCfg = Release|Any CPU
		{2C48C699-1B60-43B8-A79E-B48643595FE7}.Release|Any CPU.Build.0 = Release|Any CPU
		{CA0E8171-2AE0-4FDB-BF22-BA3D2B236AD6}.Debug|Any CPU.ActiveCfg = Debug|Any CPU
		{CA0E8171-2AE0-4FDB-BF22-BA3D2B236AD6}.Debug|Any CPU.Build.0 = Debug|Any CPU
		{CA0E8171-2AE0-4FDB-BF22-BA3D2B236AD6}.Release|Any CPU.ActiveCfg = Release|Any CPU
		{CA0E8171-2AE0-4FDB-BF22-BA3D2B236AD6}.Release|Any CPU.Build.0 = Release|Any CPU
	EndGlobalSection
	GlobalSection(SolutionProperties) = preSolution
		HideSolutionNode = FALSE
	EndGlobalSection
EndGlobal
